// !$*UTF8*$!
{
	archiveVersion = 1;
	classes = {
	};
	objectVersion = 56;
	objects = {

/* Begin PBXBuildFile section */
		F9C4504728F529B9007EAF9F /* main.swift in Sources */ = {isa = PBXBuildFile; fileRef = F9C4504628F529B9007EAF9F /* main.swift */; };
/* End PBXBuildFile section */

/* Begin PBXCopyFilesBuildPhase section */
		F9C4504128F529B9007EAF9F /* CopyFiles */ = {
			isa = PBXCopyFilesBuildPhase;
			buildActionMask = 2147483647;
			dstPath = /usr/share/man/man1/;
			dstSubfolderSpec = 0;
			files = (
			);
			runOnlyForDeploymentPostprocessing = 1;
		};
/* End PBXCopyFilesBuildPhase section */

/* Begin PBXFileReference section */
		F95800E728F67AD000710CC3 /* k의 개수.swift */ = {isa = PBXFileReference; lastKnownFileType = sourcecode.swift; path = "k의 개수.swift"; sourceTree = "<group>"; };
		F95800E828F67C4E00710CC3 /* 잘라서 배열로 저장하기.swift */ = {isa = PBXFileReference; lastKnownFileType = sourcecode.swift; path = "잘라서 배열로 저장하기.swift"; sourceTree = "<group>"; };
		F95800E928F67C9E00710CC3 /* 종이 자르기.swift */ = {isa = PBXFileReference; lastKnownFileType = sourcecode.swift; path = "종이 자르기.swift"; sourceTree = "<group>"; };
		F95800EA28F67FFC00710CC3 /* 모스부호 (1).swift */ = {isa = PBXFileReference; lastKnownFileType = sourcecode.swift; path = "모스부호 (1).swift"; sourceTree = "<group>"; };
		F95800EB28F6814300710CC3 /* 팩토리얼.swift */ = {isa = PBXFileReference; lastKnownFileType = sourcecode.swift; path = "팩토리얼.swift"; sourceTree = "<group>"; };
		F95800EC28F6840C00710CC3 /* 가까운 수.swift */ = {isa = PBXFileReference; lastKnownFileType = sourcecode.swift; path = "가까운 수.swift"; sourceTree = "<group>"; };
		F95800ED28F68C3500710CC3 /* 한 번만 등장한 문자.swift */ = {isa = PBXFileReference; lastKnownFileType = sourcecode.swift; path = "한 번만 등장한 문자.swift"; sourceTree = "<group>"; };
		F95800EE28F68E3000710CC3 /* 공 던지기.swift */ = {isa = PBXFileReference; lastKnownFileType = sourcecode.swift; path = "공 던지기.swift"; sourceTree = "<group>"; };
		F95800EF28F69A1800710CC3 /* 이진수 더하기.swift */ = {isa = PBXFileReference; lastKnownFileType = sourcecode.swift; path = "이진수 더하기.swift"; sourceTree = "<group>"; };
		F95800F028F69B4E00710CC3 /* 영어가 싫어요.swift */ = {isa = PBXFileReference; lastKnownFileType = sourcecode.swift; path = "영어가 싫어요.swift"; sourceTree = "<group>"; };
		F95800F128F69E9F00710CC3 /* 문자열 밀기.swift */ = {isa = PBXFileReference; lastKnownFileType = sourcecode.swift; path = "문자열 밀기.swift"; sourceTree = "<group>"; };
		F95800F328F6AB2F00710CC3 /* 외계어 사전.swift */ = {isa = PBXFileReference; lastKnownFileType = sourcecode.swift; path = "외계어 사전.swift"; sourceTree = "<group>"; };
		F95800F428F6AC4E00710CC3 /* 컨트롤 제트.swift */ = {isa = PBXFileReference; lastKnownFileType = sourcecode.swift; path = "컨트롤 제트.swift"; sourceTree = "<group>"; };
		F95800F528F6B40100710CC3 /* 다음에 올 숫자.swift */ = {isa = PBXFileReference; lastKnownFileType = sourcecode.swift; path = "다음에 올 숫자.swift"; sourceTree = "<group>"; };
		F95800F628F6B84D00710CC3 /* 소인수분해.swift */ = {isa = PBXFileReference; lastKnownFileType = sourcecode.swift; path = "소인수분해.swift"; sourceTree = "<group>"; };
		F95800F728F6C1A600710CC3 /* 문자열 계산하기.swift */ = {isa = PBXFileReference; lastKnownFileType = sourcecode.swift; path = "문자열 계산하기.swift"; sourceTree = "<group>"; };
		F966401528F634B5007CBE66 /* 배열의 유사도.swift */ = {isa = PBXFileReference; lastKnownFileType = sourcecode.swift; path = "배열의 유사도.swift"; sourceTree = "<group>"; };
		F966401628F6367F007CBE66 /* 대문자와 소문자.swift */ = {isa = PBXFileReference; lastKnownFileType = sourcecode.swift; name = "대문자와 소문자.swift"; path = "Lv.0/대문자와 소문자.swift"; sourceTree = SOURCE_ROOT; };
		F966401728F639D3007CBE66 /* 인덱스 바꾸기.swift */ = {isa = PBXFileReference; lastKnownFileType = sourcecode.swift; name = "인덱스 바꾸기.swift"; path = "Lv.0/인덱스 바꾸기.swift"; sourceTree = SOURCE_ROOT; };
		F966401828F63A72007CBE66 /* 중앙값 구하기.swift */ = {isa = PBXFileReference; lastKnownFileType = sourcecode.swift; path = "중앙값 구하기.swift"; sourceTree = "<group>"; };
		F966401928F63BE1007CBE66 /* 직각삼각형 출력하기.swift */ = {isa = PBXFileReference; lastKnownFileType = sourcecode.swift; name = "직각삼각형 출력하기.swift"; path = "Lv.0/직각삼각형 출력하기.swift"; sourceTree = SOURCE_ROOT; };
		F966401A28F63C6A007CBE66 /* 숫자 찾기.swift */ = {isa = PBXFileReference; lastKnownFileType = sourcecode.swift; path = "숫자 찾기.swift"; sourceTree = "<group>"; };
		F966401B28F63D73007CBE66 /* 7의 개수.swift */ = {isa = PBXFileReference; lastKnownFileType = sourcecode.swift; path = "7의 개수.swift"; sourceTree = "<group>"; };
		F966401C28F63E8E007CBE66 /* 외계행성의 나이.swift */ = {isa = PBXFileReference; lastKnownFileType = sourcecode.swift; path = "외계행성의 나이.swift"; sourceTree = "<group>"; };
		F966401D28F63F3C007CBE66 /* 가위 바위 보.swift */ = {isa = PBXFileReference; lastKnownFileType = sourcecode.swift; path = "가위 바위 보.swift"; sourceTree = "<group>"; };
		F966401E28F63FA6007CBE66 /* 369게임.swift */ = {isa = PBXFileReference; lastKnownFileType = sourcecode.swift; path = "369게임.swift"; sourceTree = "<group>"; };
		F966401F28F64369007CBE66 /* 순서쌍의 개수.swift */ = {isa = PBXFileReference; lastKnownFileType = sourcecode.swift; path = "순서쌍의 개수.swift"; sourceTree = "<group>"; };
		F966402028F644E8007CBE66 /* 중복된 문자 제거.swift */ = {isa = PBXFileReference; lastKnownFileType = sourcecode.swift; path = "중복된 문자 제거.swift"; sourceTree = "<group>"; };
		F966402128F6459B007CBE66 /* 암호 해독.swift */ = {isa = PBXFileReference; lastKnownFileType = sourcecode.swift; path = "암호 해독.swift"; sourceTree = "<group>"; };
		F966402228F64676007CBE66 /* 주사위의 개수.swift */ = {isa = PBXFileReference; lastKnownFileType = sourcecode.swift; path = "주사위의 개수.swift"; sourceTree = "<group>"; };
		F966402328F646CC007CBE66 /* 최댓값 만들기 (2).swift */ = {isa = PBXFileReference; lastKnownFileType = sourcecode.swift; path = "최댓값 만들기 (2).swift"; sourceTree = "<group>"; };
		F966402428F64BA3007CBE66 /* A로 B 만들기.swift */ = {isa = PBXFileReference; lastKnownFileType = sourcecode.swift; name = "A로 B 만들기.swift"; path = "Lv.0/A로 B 만들기.swift"; sourceTree = SOURCE_ROOT; };
		F966402528F64C43007CBE66 /* 합성수 찾기.swift */ = {isa = PBXFileReference; lastKnownFileType = sourcecode.swift; path = "합성수 찾기.swift"; sourceTree = "<group>"; };
		F966402628F64D4B007CBE66 /* 배열 회전시키기.swift */ = {isa = PBXFileReference; lastKnownFileType = sourcecode.swift; name = "배열 회전시키기.swift"; path = "Lv.0/배열 회전시키기.swift"; sourceTree = SOURCE_ROOT; };
		F966402728F64EAD007CBE66 /* 피자 나눠 먹기 (2).swift */ = {isa = PBXFileReference; lastKnownFileType = sourcecode.swift; path = "피자 나눠 먹기 (2).swift"; sourceTree = "<group>"; };
		F966402828F6502E007CBE66 /* 2차원으로 만들기.swift */ = {isa = PBXFileReference; lastKnownFileType = sourcecode.swift; path = "2차원으로 만들기.swift"; sourceTree = "<group>"; };
		F96A628028FB6CEA005402F0 /* 수박수박수박수박수박수?.swift */ = {isa = PBXFileReference; lastKnownFileType = sourcecode.swift; path = "수박수박수박수박수박수?.swift"; sourceTree = "<group>"; };
		F96A628128FB6D7B005402F0 /* 가운데 글자 가져오기.swift */ = {isa = PBXFileReference; lastKnownFileType = sourcecode.swift; path = "가운데 글자 가져오기.swift"; sourceTree = "<group>"; };
		F96A628228FB6DF0005402F0 /* 내적.swift */ = {isa = PBXFileReference; lastKnownFileType = sourcecode.swift; path = "내적.swift"; sourceTree = "<group>"; };
		F96A628328FB6EFA005402F0 /* 문자열 내림차순으로 배치하기.swift */ = {isa = PBXFileReference; lastKnownFileType = sourcecode.swift; path = "문자열 내림차순으로 배치하기.swift"; sourceTree = "<group>"; };
		F96A628428FB6F80005402F0 /* 문자열 다루기 기본.swift */ = {isa = PBXFileReference; lastKnownFileType = sourcecode.swift; path = "문자열 다루기 기본.swift"; sourceTree = "<group>"; };
		F96F1BA928F775D5005A3FF8 /* 구슬을 나누는 경우의 수.swift */ = {isa = PBXFileReference; lastKnownFileType = sourcecode.swift; path = "구슬을 나누는 경우의 수.swift"; sourceTree = "<group>"; };
		F96F1BAA28F7820F005A3FF8 /* 진료 순서 정하기.swift */ = {isa = PBXFileReference; lastKnownFileType = sourcecode.swift; path = "진료 순서 정하기.swift"; sourceTree = "<group>"; };
		F96F1BAC28F78275005A3FF8 /* 숨어있는 숫자의 덧셈 (2).swift */ = {isa = PBXFileReference; lastKnownFileType = sourcecode.swift; path = "숨어있는 숫자의 덧셈 (2).swift"; sourceTree = "<group>"; };
		F96F1BAD28F78884005A3FF8 /* 유한소수 판별하기.swift */ = {isa = PBXFileReference; lastKnownFileType = sourcecode.swift; path = "유한소수 판별하기.swift"; sourceTree = "<group>"; };
		F96F1BAE28F78DE6005A3FF8 /* 로그인 성공?.swift */ = {isa = PBXFileReference; lastKnownFileType = sourcecode.swift; path = "로그인 성공?.swift"; sourceTree = "<group>"; };
		F96F1BAF28F79235005A3FF8 /* 특이한 정렬.swift */ = {isa = PBXFileReference; lastKnownFileType = sourcecode.swift; path = "특이한 정렬.swift"; sourceTree = "<group>"; };
		F96F1BB028F7939A005A3FF8 /* 치킨 쿠폰.swift */ = {isa = PBXFileReference; lastKnownFileType = sourcecode.swift; path = "치킨 쿠폰.swift"; sourceTree = "<group>"; };
		F96F1BB128F79BE0005A3FF8 /* 최빈값 구하기.swift */ = {isa = PBXFileReference; lastKnownFileType = sourcecode.swift; path = "최빈값 구하기.swift"; sourceTree = "<group>"; };
		F96F1BB228F79D78005A3FF8 /* 삼각형의 완성조건 (2).swift */ = {isa = PBXFileReference; lastKnownFileType = sourcecode.swift; path = "삼각형의 완성조건 (2).swift"; sourceTree = "<group>"; };
		F96F1BB328F79E8E005A3FF8 /* 직사각형 넓이 구하기.swift */ = {isa = PBXFileReference; lastKnownFileType = sourcecode.swift; path = "직사각형 넓이 구하기.swift"; sourceTree = "<group>"; };
		F96F1BB428F7A0AA005A3FF8 /* 캐릭터의 좌표.swift */ = {isa = PBXFileReference; lastKnownFileType = sourcecode.swift; path = "캐릭터의 좌표.swift"; sourceTree = "<group>"; };
		F98357D228F8BEF600F673FC /* 등수 매기기.swift */ = {isa = PBXFileReference; lastKnownFileType = sourcecode.swift; path = "등수 매기기.swift"; sourceTree = "<group>"; };
		F98357D328F8C47C00F673FC /* 저주의 숫자 3.swift */ = {isa = PBXFileReference; lastKnownFileType = sourcecode.swift; path = "저주의 숫자 3.swift"; sourceTree = "<group>"; };
		F98357D428F8C92800F673FC /* OX퀴즈.swift */ = {isa = PBXFileReference; lastKnownFileType = sourcecode.swift; path = "OX퀴즈.swift"; sourceTree = "<group>"; };
		F98357D528F8CAB100F673FC /* 연속된 수의 합.swift */ = {isa = PBXFileReference; lastKnownFileType = sourcecode.swift; path = "연속된 수의 합.swift"; sourceTree = "<group>"; };
		F98357D628F8CBF800F673FC /* 분수의 덧셈.swift */ = {isa = PBXFileReference; lastKnownFileType = sourcecode.swift; path = "분수의 덧셈.swift"; sourceTree = "<group>"; };
		F98357D728F8D46100F673FC /* 안전지대.swift */ = {isa = PBXFileReference; lastKnownFileType = sourcecode.swift; path = "안전지대.swift"; sourceTree = "<group>"; };
		F98357D828F8D67400F673FC /* 다항식 더하기.swift */ = {isa = PBXFileReference; lastKnownFileType = sourcecode.swift; path = "다항식 더하기.swift"; sourceTree = "<group>"; };
		F98357D928F8E13400F673FC /* 겹치는 선분의 길이.swift */ = {isa = PBXFileReference; lastKnownFileType = sourcecode.swift; path = "겹치는 선분의 길이.swift"; sourceTree = "<group>"; };
		F98357DA28F8EDB400F673FC /* 평행.swift */ = {isa = PBXFileReference; lastKnownFileType = sourcecode.swift; path = "평행.swift"; sourceTree = "<group>"; };
		F98357DB28F8F3B600F673FC /* 옹알이.swift */ = {isa = PBXFileReference; lastKnownFileType = sourcecode.swift; path = "옹알이.swift"; sourceTree = "<group>"; };
		F9850A2628F5656200584574 /* 문자열안에 문자열.swift */ = {isa = PBXFileReference; lastKnownFileType = sourcecode.swift; path = "문자열안에 문자열.swift"; sourceTree = "<group>"; };
		F9850A2728F5669500584574 /* 특정 문자 제거하기.swift */ = {isa = PBXFileReference; lastKnownFileType = sourcecode.swift; path = "특정 문자 제거하기.swift"; sourceTree = "<group>"; };
		F9850A2828F566AC00584574 /* 짝수는 싫어요.swift */ = {isa = PBXFileReference; lastKnownFileType = sourcecode.swift; path = "짝수는 싫어요.swift"; sourceTree = "<group>"; };
		F9850A2928F5670C00584574 /* 약수 구하기.swift */ = {isa = PBXFileReference; lastKnownFileType = sourcecode.swift; path = "약수 구하기.swift"; sourceTree = "<group>"; };
		F9850A2A28F5676700584574 /* 삼각형의 완성조건 (1).swift */ = {isa = PBXFileReference; lastKnownFileType = sourcecode.swift; path = "삼각형의 완성조건 (1).swift"; sourceTree = "<group>"; };
		F9850A2B28F5683600584574 /* 문자 반복 출력하기.swift */ = {isa = PBXFileReference; lastKnownFileType = sourcecode.swift; path = "문자 반복 출력하기.swift"; sourceTree = "<group>"; };
		F9850A2C28F568C400584574 /* 배열 원소의 길이.swift */ = {isa = PBXFileReference; lastKnownFileType = sourcecode.swift; path = "배열 원소의 길이.swift"; sourceTree = "<group>"; };
		F9850A2D28F5698600584574 /* 배열 뒤집기.swift */ = {isa = PBXFileReference; lastKnownFileType = sourcecode.swift; path = "배열 뒤집기.swift"; sourceTree = "<group>"; };
		F9850A2E28F56AB300584574 /* 아이스 아메리카노.swift */ = {isa = PBXFileReference; lastKnownFileType = sourcecode.swift; path = "아이스 아메리카노.swift"; sourceTree = "<group>"; };
		F9850A2F28F56AC200584574 /* 문자열 정렬하기 (2).swift */ = {isa = PBXFileReference; lastKnownFileType = sourcecode.swift; path = "문자열 정렬하기 (2).swift"; sourceTree = "<group>"; };
		F9850A3028F56D1200584574 /* 숨어있는 숫자의 덧셈 (1).swift */ = {isa = PBXFileReference; lastKnownFileType = sourcecode.swift; path = "숨어있는 숫자의 덧셈 (1).swift"; sourceTree = "<group>"; };
		F9850A3128F56E1900584574 /* 가장 큰 수 찾기.swift */ = {isa = PBXFileReference; lastKnownFileType = sourcecode.swift; path = "가장 큰 수 찾기.swift"; sourceTree = "<group>"; };
		F9850A3228F56F7A00584574 /* 개미 군단.swift */ = {isa = PBXFileReference; lastKnownFileType = sourcecode.swift; path = "개미 군단.swift"; sourceTree = "<group>"; };
		F9850A3328F570B400584574 /* 제곱수 판별하기.swift */ = {isa = PBXFileReference; lastKnownFileType = sourcecode.swift; path = "제곱수 판별하기.swift"; sourceTree = "<group>"; };
		F9850A3428F5727500584574 /* 옷가게 할인 받기.swift */ = {isa = PBXFileReference; lastKnownFileType = sourcecode.swift; path = "옷가게 할인 받기.swift"; sourceTree = "<group>"; };
		F9850A3528F5729700584574 /* 문자열 정렬하기 (1).swift */ = {isa = PBXFileReference; lastKnownFileType = sourcecode.swift; path = "문자열 정렬하기 (1).swift"; sourceTree = "<group>"; };
		F9850A3628F574E700584574 /* 최댓값 만들기 (1).swift */ = {isa = PBXFileReference; lastKnownFileType = sourcecode.swift; path = "최댓값 만들기 (1).swift"; sourceTree = "<group>"; };
		F9850A3728F5753200584574 /* 배열 두배 만들기.swift */ = {isa = PBXFileReference; lastKnownFileType = sourcecode.swift; path = "배열 두배 만들기.swift"; sourceTree = "<group>"; };
		F9850A3C28F576D200584574 /* 점의 위치 구하기.swift */ = {isa = PBXFileReference; lastKnownFileType = sourcecode.swift; name = "점의 위치 구하기.swift"; path = "Lv.0/점의 위치 구하기.swift"; sourceTree = SOURCE_ROOT; };
		F9850A3D28F576E100584574 /* 모음 제거.swift */ = {isa = PBXFileReference; lastKnownFileType = sourcecode.swift; path = "모음 제거.swift"; sourceTree = "<group>"; };
		F991BD8F28F92CBD0080FB4F /* 짝수와 홀수.swift */ = {isa = PBXFileReference; lastKnownFileType = sourcecode.swift; path = "짝수와 홀수.swift"; sourceTree = "<group>"; };
		F991BD9028F92D0D0080FB4F /* 평균 구하기.swift */ = {isa = PBXFileReference; lastKnownFileType = sourcecode.swift; path = "평균 구하기.swift"; sourceTree = "<group>"; };
		F991BD9128F92F680080FB4F /* 약수의 합.swift */ = {isa = PBXFileReference; lastKnownFileType = sourcecode.swift; path = "약수의 합.swift"; sourceTree = "<group>"; };
		F991BD9228F930800080FB4F /* 자릿수 더하기.swift */ = {isa = PBXFileReference; lastKnownFileType = sourcecode.swift; path = "자릿수 더하기.swift"; sourceTree = "<group>"; };
		F991BD9328F9317F0080FB4F /* 정수 제곱근 판별.swift */ = {isa = PBXFileReference; lastKnownFileType = sourcecode.swift; path = "정수 제곱근 판별.swift"; sourceTree = "<group>"; };
		F991BD9428F932BD0080FB4F /* 자연수 뒤집어 배열로 만들기.swift */ = {isa = PBXFileReference; lastKnownFileType = sourcecode.swift; path = "자연수 뒤집어 배열로 만들기.swift"; sourceTree = "<group>"; };
		F991BD9528F933B40080FB4F /* 문자열 내 p와 y의 개수.swift */ = {isa = PBXFileReference; lastKnownFileType = sourcecode.swift; path = "문자열 내 p와 y의 개수.swift"; sourceTree = "<group>"; };
		F991BD9628F9345D0080FB4F /* 하샤드 수.swift */ = {isa = PBXFileReference; lastKnownFileType = sourcecode.swift; path = "하샤드 수.swift"; sourceTree = "<group>"; };
		F991BD9728F9354E0080FB4F /* 정수 내림차순으로 배치하기.swift */ = {isa = PBXFileReference; lastKnownFileType = sourcecode.swift; path = "정수 내림차순으로 배치하기.swift"; sourceTree = "<group>"; };
		F991BD9828F937C30080FB4F /* 문자열을 정수로 바꾸기.swift */ = {isa = PBXFileReference; lastKnownFileType = sourcecode.swift; path = "문자열을 정수로 바꾸기.swift"; sourceTree = "<group>"; };
		F991BD9928F9381A0080FB4F /* x만큼 간격이 있는 n개의 숫자.swift */ = {isa = PBXFileReference; lastKnownFileType = sourcecode.swift; path = "x만큼 간격이 있는 n개의 숫자.swift"; sourceTree = "<group>"; };
		F991BD9A28F938D80080FB4F /* 나머지가 1이 되는 수 찾기.swift */ = {isa = PBXFileReference; lastKnownFileType = sourcecode.swift; path = "나머지가 1이 되는 수 찾기.swift"; sourceTree = "<group>"; };
		F991BD9B28F939FA0080FB4F /* 콜라츠 추측.swift */ = {isa = PBXFileReference; lastKnownFileType = sourcecode.swift; path = "콜라츠 추측.swift"; sourceTree = "<group>"; };
		F991BD9C28F93A6D0080FB4F /* 두 정수 사이의 합.swift */ = {isa = PBXFileReference; lastKnownFileType = sourcecode.swift; path = "두 정수 사이의 합.swift"; sourceTree = "<group>"; };
		F991BD9D28F93AEA0080FB4F /* 서울에서 김서방 찾기.swift */ = {isa = PBXFileReference; lastKnownFileType = sourcecode.swift; path = "서울에서 김서방 찾기.swift"; sourceTree = "<group>"; };
		F991BD9E28F93B9A0080FB4F /* 핸드폰 번호 가리기.swift */ = {isa = PBXFileReference; lastKnownFileType = sourcecode.swift; path = "핸드폰 번호 가리기.swift"; sourceTree = "<group>"; };
		F991BD9F28F93F4D0080FB4F /* 나누어 떨어지는 숫자 배열.swift */ = {isa = PBXFileReference; lastKnownFileType = sourcecode.swift; path = "나누어 떨어지는 숫자 배열.swift"; sourceTree = "<group>"; };
		F991BDA028F940650080FB4F /* 제일 작은 수 제거하기.swift */ = {isa = PBXFileReference; lastKnownFileType = sourcecode.swift; path = "제일 작은 수 제거하기.swift"; sourceTree = "<group>"; };
		F991BDA128F941050080FB4F /* 음양 더하기.swift */ = {isa = PBXFileReference; lastKnownFileType = sourcecode.swift; path = "음양 더하기.swift"; sourceTree = "<group>"; };
		F991BDA228F941620080FB4F /* 없는 숫자 더하기.swift */ = {isa = PBXFileReference; lastKnownFileType = sourcecode.swift; path = "없는 숫자 더하기.swift"; sourceTree = "<group>"; };
		F9C4504328F529B9007EAF9F /* Programmers_Backgom */ = {isa = PBXFileReference; explicitFileType = "compiled.mach-o.executable"; includeInIndex = 0; path = Programmers_Backgom; sourceTree = BUILT_PRODUCTS_DIR; };
		F9C4504628F529B9007EAF9F /* main.swift */ = {isa = PBXFileReference; lastKnownFileType = sourcecode.swift; path = main.swift; sourceTree = "<group>"; };
		F9C4505028F52A36007EAF9F /* 두 수의 차.swift */ = {isa = PBXFileReference; lastKnownFileType = sourcecode.swift; path = "두 수의 차.swift"; sourceTree = "<group>"; };
		F9C4505128F52A9F007EAF9F /* 몫 구하기.swift */ = {isa = PBXFileReference; lastKnownFileType = sourcecode.swift; path = "몫 구하기.swift"; sourceTree = "<group>"; };
		F9C4505228F52AD4007EAF9F /* 나머지 구하기.swift */ = {isa = PBXFileReference; lastKnownFileType = sourcecode.swift; path = "나머지 구하기.swift"; sourceTree = "<group>"; };
		F9C4505328F52AF9007EAF9F /* 두 수의 곱.swift */ = {isa = PBXFileReference; lastKnownFileType = sourcecode.swift; path = "두 수의 곱.swift"; sourceTree = "<group>"; };
		F9C4505428F52B1B007EAF9F /* 두 수의 합.swift */ = {isa = PBXFileReference; lastKnownFileType = sourcecode.swift; path = "두 수의 합.swift"; sourceTree = "<group>"; };
		F9C4505528F52B34007EAF9F /* 나이 출력.swift */ = {isa = PBXFileReference; lastKnownFileType = sourcecode.swift; path = "나이 출력.swift"; sourceTree = "<group>"; };
		F9C4505628F52B8D007EAF9F /* 숫자 비교하기.swift */ = {isa = PBXFileReference; lastKnownFileType = sourcecode.swift; path = "숫자 비교하기.swift"; sourceTree = "<group>"; };
		F9C4505728F52C1E007EAF9F /* 각도기.swift */ = {isa = PBXFileReference; lastKnownFileType = sourcecode.swift; path = "각도기.swift"; sourceTree = "<group>"; };
		F9C4505828F52DCA007EAF9F /* 배열의 평균값.swift */ = {isa = PBXFileReference; lastKnownFileType = sourcecode.swift; path = "배열의 평균값.swift"; sourceTree = "<group>"; };
		F9C4505928F52FB8007EAF9F /* 짝수의 합.swift */ = {isa = PBXFileReference; lastKnownFileType = sourcecode.swift; path = "짝수의 합.swift"; sourceTree = "<group>"; };
		F9C4505A28F53039007EAF9F /* 중복된 숫자 개수.swift */ = {isa = PBXFileReference; lastKnownFileType = sourcecode.swift; path = "중복된 숫자 개수.swift"; sourceTree = "<group>"; };
		F9C4505B28F5308F007EAF9F /* 짝수 홀수 개수.swift */ = {isa = PBXFileReference; lastKnownFileType = sourcecode.swift; path = "짝수 홀수 개수.swift"; sourceTree = "<group>"; };
		F9C4505C28F5313A007EAF9F /* 세균 증식.swift */ = {isa = PBXFileReference; lastKnownFileType = sourcecode.swift; path = "세균 증식.swift"; sourceTree = "<group>"; };
		F9C4505D28F531AF007EAF9F /* n의 배수 고르기.swift */ = {isa = PBXFileReference; lastKnownFileType = sourcecode.swift; path = "n의 배수 고르기.swift"; sourceTree = "<group>"; };
		F9C4505E28F53304007EAF9F /* 머쓱이보다 키 큰 사람.swift */ = {isa = PBXFileReference; lastKnownFileType = sourcecode.swift; path = "머쓱이보다 키 큰 사람.swift"; sourceTree = "<group>"; };
		F9C4505F28F5335A007EAF9F /* 피자 나눠 먹기 (3).swift */ = {isa = PBXFileReference; lastKnownFileType = sourcecode.swift; path = "피자 나눠 먹기 (3).swift"; sourceTree = "<group>"; };
		F9C4506028F53446007EAF9F /* 자릿수 더하기.swift */ = {isa = PBXFileReference; lastKnownFileType = sourcecode.swift; path = "자릿수 더하기.swift"; sourceTree = "<group>"; };
		F9C4506128F534B5007EAF9F /* 편지.swift */ = {isa = PBXFileReference; lastKnownFileType = sourcecode.swift; path = "편지.swift"; sourceTree = "<group>"; };
		F9C4506228F5351D007EAF9F /* 피자 나눠 먹기 (1).swift */ = {isa = PBXFileReference; lastKnownFileType = sourcecode.swift; path = "피자 나눠 먹기 (1).swift"; sourceTree = "<group>"; };
		F9C4506328F53574007EAF9F /* 양꼬치.swift */ = {isa = PBXFileReference; lastKnownFileType = sourcecode.swift; path = "양꼬치.swift"; sourceTree = "<group>"; };
		F9C4506428F535FD007EAF9F /* 문자열 뒤집기.swift */ = {isa = PBXFileReference; lastKnownFileType = sourcecode.swift; path = "문자열 뒤집기.swift"; sourceTree = "<group>"; };
		F9C4506528F5377D007EAF9F /* 배열 자르기.swift */ = {isa = PBXFileReference; lastKnownFileType = sourcecode.swift; path = "배열 자르기.swift"; sourceTree = "<group>"; };
/* End PBXFileReference section */

/* Begin PBXFrameworksBuildPhase section */
		F9C4504028F529B9007EAF9F /* Frameworks */ = {
			isa = PBXFrameworksBuildPhase;
			buildActionMask = 2147483647;
			files = (
			);
			runOnlyForDeploymentPostprocessing = 0;
		};
/* End PBXFrameworksBuildPhase section */

/* Begin PBXGroup section */
		F991BD8E28F92C7F0080FB4F /* Lv.1 */ = {
			isa = PBXGroup;
			children = (
				F991BD8F28F92CBD0080FB4F /* 짝수와 홀수.swift */,
				F991BD9328F9317F0080FB4F /* 정수 제곱근 판별.swift */,
				F991BD9228F930800080FB4F /* 자릿수 더하기.swift */,
				F991BD9928F9381A0080FB4F /* x만큼 간격이 있는 n개의 숫자.swift */,
				F96A628328FB6EFA005402F0 /* 문자열 내림차순으로 배치하기.swift */,
				F991BD9428F932BD0080FB4F /* 자연수 뒤집어 배열로 만들기.swift */,
				F991BDA028F940650080FB4F /* 제일 작은 수 제거하기.swift */,
				F96A628428FB6F80005402F0 /* 문자열 다루기 기본.swift */,
				F96A628128FB6D7B005402F0 /* 가운데 글자 가져오기.swift */,
				F991BDA128F941050080FB4F /* 음양 더하기.swift */,
				F96A628228FB6DF0005402F0 /* 내적.swift */,
				F991BD9F28F93F4D0080FB4F /* 나누어 떨어지는 숫자 배열.swift */,
				F991BD9828F937C30080FB4F /* 문자열을 정수로 바꾸기.swift */,
				F96A628028FB6CEA005402F0 /* 수박수박수박수박수박수?.swift */,
				F991BD9B28F939FA0080FB4F /* 콜라츠 추측.swift */,
				F991BD9E28F93B9A0080FB4F /* 핸드폰 번호 가리기.swift */,
				F991BD9D28F93AEA0080FB4F /* 서울에서 김서방 찾기.swift */,
				F991BDA228F941620080FB4F /* 없는 숫자 더하기.swift */,
				F991BD9C28F93A6D0080FB4F /* 두 정수 사이의 합.swift */,
				F991BD9728F9354E0080FB4F /* 정수 내림차순으로 배치하기.swift */,
				F991BD9A28F938D80080FB4F /* 나머지가 1이 되는 수 찾기.swift */,
				F991BD9028F92D0D0080FB4F /* 평균 구하기.swift */,
				F991BD9628F9345D0080FB4F /* 하샤드 수.swift */,
				F991BD9528F933B40080FB4F /* 문자열 내 p와 y의 개수.swift */,
				F991BD9128F92F680080FB4F /* 약수의 합.swift */,
			);
			path = Lv.1;
			sourceTree = "<group>";
		};
		F9C4503A28F529B9007EAF9F = {
			isa = PBXGroup;
			children = (
				F991BD8E28F92C7F0080FB4F /* Lv.1 */,
				F9C4504D28F529E0007EAF9F /* Lv.0 */,
				F9C4504528F529B9007EAF9F /* Programmers_Backgom */,
				F9C4504428F529B9007EAF9F /* Products */,
			);
			sourceTree = "<group>";
		};
		F9C4504428F529B9007EAF9F /* Products */ = {
			isa = PBXGroup;
			children = (
				F9C4504328F529B9007EAF9F /* Programmers_Backgom */,
			);
			name = Products;
			sourceTree = "<group>";
		};
		F9C4504528F529B9007EAF9F /* Programmers_Backgom */ = {
			isa = PBXGroup;
			children = (
				F9C4504628F529B9007EAF9F /* main.swift */,
			);
			path = Programmers_Backgom;
			sourceTree = "<group>";
		};
		F9C4504D28F529E0007EAF9F /* Lv.0 */ = {
			isa = PBXGroup;
			children = (
				F96F1BAA28F7820F005A3FF8 /* 진료 순서 정하기.swift */,
				F95800F728F6C1A600710CC3 /* 문자열 계산하기.swift */,
				F95800F528F6B40100710CC3 /* 다음에 올 숫자.swift */,
				F95800F128F69E9F00710CC3 /* 문자열 밀기.swift */,
				F96F1BB128F79BE0005A3FF8 /* 최빈값 구하기.swift */,
				F95800F028F69B4E00710CC3 /* 영어가 싫어요.swift */,
				F95800EF28F69A1800710CC3 /* 이진수 더하기.swift */,
				F95800ED28F68C3500710CC3 /* 한 번만 등장한 문자.swift */,
				F96F1BB428F7A0AA005A3FF8 /* 캐릭터의 좌표.swift */,
				F96F1BAD28F78884005A3FF8 /* 유한소수 판별하기.swift */,
				F96F1BB228F79D78005A3FF8 /* 삼각형의 완성조건 (2).swift */,
				F96F1BAF28F79235005A3FF8 /* 특이한 정렬.swift */,
				F966402728F64EAD007CBE66 /* 피자 나눠 먹기 (2).swift */,
				F96F1BB328F79E8E005A3FF8 /* 직사각형 넓이 구하기.swift */,
				F966402828F6502E007CBE66 /* 2차원으로 만들기.swift */,
				F96F1BAE28F78DE6005A3FF8 /* 로그인 성공?.swift */,
				F96F1BB028F7939A005A3FF8 /* 치킨 쿠폰.swift */,
				F95800F628F6B84D00710CC3 /* 소인수분해.swift */,
				F966402628F64D4B007CBE66 /* 배열 회전시키기.swift */,
				F966402428F64BA3007CBE66 /* A로 B 만들기.swift */,
				F966402528F64C43007CBE66 /* 합성수 찾기.swift */,
				F966401928F63BE1007CBE66 /* 직각삼각형 출력하기.swift */,
				F966401A28F63C6A007CBE66 /* 숫자 찾기.swift */,
				F966401C28F63E8E007CBE66 /* 외계행성의 나이.swift */,
				F95800EE28F68E3000710CC3 /* 공 던지기.swift */,
				F95800E828F67C4E00710CC3 /* 잘라서 배열로 저장하기.swift */,
				F966401D28F63F3C007CBE66 /* 가위 바위 보.swift */,
				F95800EB28F6814300710CC3 /* 팩토리얼.swift */,
				F966401E28F63FA6007CBE66 /* 369게임.swift */,
				F95800EA28F67FFC00710CC3 /* 모스부호 (1).swift */,
				F966401F28F64369007CBE66 /* 순서쌍의 개수.swift */,
				F95800EC28F6840C00710CC3 /* 가까운 수.swift */,
				F966402028F644E8007CBE66 /* 중복된 문자 제거.swift */,
				F966402128F6459B007CBE66 /* 암호 해독.swift */,
				F966402228F64676007CBE66 /* 주사위의 개수.swift */,
				F95800E928F67C9E00710CC3 /* 종이 자르기.swift */,
				F966402328F646CC007CBE66 /* 최댓값 만들기 (2).swift */,
				F966401B28F63D73007CBE66 /* 7의 개수.swift */,
				F966401728F639D3007CBE66 /* 인덱스 바꾸기.swift */,
				F966401628F6367F007CBE66 /* 대문자와 소문자.swift */,
				F9850A3C28F576D200584574 /* 점의 위치 구하기.swift */,
				F966401528F634B5007CBE66 /* 배열의 유사도.swift */,
				F9850A3D28F576E100584574 /* 모음 제거.swift */,
				F9C4505028F52A36007EAF9F /* 두 수의 차.swift */,
				F9C4505128F52A9F007EAF9F /* 몫 구하기.swift */,
				F9C4505228F52AD4007EAF9F /* 나머지 구하기.swift */,
				F9C4505328F52AF9007EAF9F /* 두 수의 곱.swift */,
				F9C4505428F52B1B007EAF9F /* 두 수의 합.swift */,
				F966401828F63A72007CBE66 /* 중앙값 구하기.swift */,
				F9C4505528F52B34007EAF9F /* 나이 출력.swift */,
				F9C4505628F52B8D007EAF9F /* 숫자 비교하기.swift */,
				F9C4505A28F53039007EAF9F /* 중복된 숫자 개수.swift */,
				F9C4505728F52C1E007EAF9F /* 각도기.swift */,
				F96F1BA928F775D5005A3FF8 /* 구슬을 나누는 경우의 수.swift */,
				F96F1BAC28F78275005A3FF8 /* 숨어있는 숫자의 덧셈 (2).swift */,
				F95800F428F6AC4E00710CC3 /* 컨트롤 제트.swift */,
				F9C4505828F52DCA007EAF9F /* 배열의 평균값.swift */,
				F9C4505928F52FB8007EAF9F /* 짝수의 합.swift */,
				F9C4505B28F5308F007EAF9F /* 짝수 홀수 개수.swift */,
				F98357D828F8D67400F673FC /* 다항식 더하기.swift */,
				F98357D928F8E13400F673FC /* 겹치는 선분의 길이.swift */,
				F9C4505C28F5313A007EAF9F /* 세균 증식.swift */,
				F98357DA28F8EDB400F673FC /* 평행.swift */,
				F98357D728F8D46100F673FC /* 안전지대.swift */,
				F9C4505D28F531AF007EAF9F /* n의 배수 고르기.swift */,
				F98357DB28F8F3B600F673FC /* 옹알이.swift */,
				F9C4505E28F53304007EAF9F /* 머쓱이보다 키 큰 사람.swift */,
				F98357D628F8CBF800F673FC /* 분수의 덧셈.swift */,
				F9C4505F28F5335A007EAF9F /* 피자 나눠 먹기 (3).swift */,
				F98357D428F8C92800F673FC /* OX퀴즈.swift */,
				F98357D528F8CAB100F673FC /* 연속된 수의 합.swift */,
				F98357D328F8C47C00F673FC /* 저주의 숫자 3.swift */,
				F9C4506028F53446007EAF9F /* 자릿수 더하기.swift */,
				F9C4506128F534B5007EAF9F /* 편지.swift */,
				F9C4506228F5351D007EAF9F /* 피자 나눠 먹기 (1).swift */,
				F9C4506328F53574007EAF9F /* 양꼬치.swift */,
				F9C4506428F535FD007EAF9F /* 문자열 뒤집기.swift */,
				F9C4506528F5377D007EAF9F /* 배열 자르기.swift */,
				F9850A2628F5656200584574 /* 문자열안에 문자열.swift */,
				F9850A2728F5669500584574 /* 특정 문자 제거하기.swift */,
				F9850A2828F566AC00584574 /* 짝수는 싫어요.swift */,
				F9850A2928F5670C00584574 /* 약수 구하기.swift */,
				F9850A2A28F5676700584574 /* 삼각형의 완성조건 (1).swift */,
				F9850A2B28F5683600584574 /* 문자 반복 출력하기.swift */,
				F9850A2C28F568C400584574 /* 배열 원소의 길이.swift */,
				F98357D228F8BEF600F673FC /* 등수 매기기.swift */,
				F9850A2D28F5698600584574 /* 배열 뒤집기.swift */,
				F9850A2E28F56AB300584574 /* 아이스 아메리카노.swift */,
				F9850A2F28F56AC200584574 /* 문자열 정렬하기 (2).swift */,
				F9850A3028F56D1200584574 /* 숨어있는 숫자의 덧셈 (1).swift */,
				F9850A3128F56E1900584574 /* 가장 큰 수 찾기.swift */,
				F9850A3228F56F7A00584574 /* 개미 군단.swift */,
				F9850A3328F570B400584574 /* 제곱수 판별하기.swift */,
				F9850A3428F5727500584574 /* 옷가게 할인 받기.swift */,
				F9850A3528F5729700584574 /* 문자열 정렬하기 (1).swift */,
				F9850A3628F574E700584574 /* 최댓값 만들기 (1).swift */,
				F9850A3728F5753200584574 /* 배열 두배 만들기.swift */,
				F95800E728F67AD000710CC3 /* k의 개수.swift */,
				F95800F328F6AB2F00710CC3 /* 외계어 사전.swift */,
			);
			path = Lv.0;
			sourceTree = "<group>";
		};
/* End PBXGroup section */

/* Begin PBXNativeTarget section */
		F9C4504228F529B9007EAF9F /* Programmers_Backgom */ = {
			isa = PBXNativeTarget;
			buildConfigurationList = F9C4504A28F529B9007EAF9F /* Build configuration list for PBXNativeTarget "Programmers_Backgom" */;
			buildPhases = (
				F9C4503F28F529B9007EAF9F /* Sources */,
				F9C4504028F529B9007EAF9F /* Frameworks */,
				F9C4504128F529B9007EAF9F /* CopyFiles */,
			);
			buildRules = (
			);
			dependencies = (
			);
			name = Programmers_Backgom;
			productName = Programmers_Backgom;
			productReference = F9C4504328F529B9007EAF9F /* Programmers_Backgom */;
			productType = "com.apple.product-type.tool";
		};
/* End PBXNativeTarget section */

/* Begin PBXProject section */
		F9C4503B28F529B9007EAF9F /* Project object */ = {
			isa = PBXProject;
			attributes = {
				BuildIndependentTargetsInParallel = 1;
				LastSwiftUpdateCheck = 1400;
				LastUpgradeCheck = 1400;
				TargetAttributes = {
					F9C4504228F529B9007EAF9F = {
						CreatedOnToolsVersion = 14.0.1;
					};
				};
			};
			buildConfigurationList = F9C4503E28F529B9007EAF9F /* Build configuration list for PBXProject "Programmers_Backgom" */;
			compatibilityVersion = "Xcode 14.0";
			developmentRegion = en;
			hasScannedForEncodings = 0;
			knownRegions = (
				en,
				Base,
			);
			mainGroup = F9C4503A28F529B9007EAF9F;
			productRefGroup = F9C4504428F529B9007EAF9F /* Products */;
			projectDirPath = "";
			projectRoot = "";
			targets = (
				F9C4504228F529B9007EAF9F /* Programmers_Backgom */,
			);
		};
/* End PBXProject section */

/* Begin PBXSourcesBuildPhase section */
		F9C4503F28F529B9007EAF9F /* Sources */ = {
			isa = PBXSourcesBuildPhase;
			buildActionMask = 2147483647;
			files = (
				F9C4504728F529B9007EAF9F /* main.swift in Sources */,
			);
			runOnlyForDeploymentPostprocessing = 0;
		};
/* End PBXSourcesBuildPhase section */

/* Begin XCBuildConfiguration section */
		F9C4504828F529B9007EAF9F /* Debug */ = {
			isa = XCBuildConfiguration;
			buildSettings = {
				ALWAYS_SEARCH_USER_PATHS = NO;
				CLANG_ANALYZER_NONNULL = YES;
				CLANG_ANALYZER_NUMBER_OBJECT_CONVERSION = YES_AGGRESSIVE;
				CLANG_CXX_LANGUAGE_STANDARD = "gnu++20";
				CLANG_ENABLE_MODULES = YES;
				CLANG_ENABLE_OBJC_ARC = YES;
				CLANG_ENABLE_OBJC_WEAK = YES;
				CLANG_WARN_BLOCK_CAPTURE_AUTORELEASING = YES;
				CLANG_WARN_BOOL_CONVERSION = YES;
				CLANG_WARN_COMMA = YES;
				CLANG_WARN_CONSTANT_CONVERSION = YES;
				CLANG_WARN_DEPRECATED_OBJC_IMPLEMENTATIONS = YES;
				CLANG_WARN_DIRECT_OBJC_ISA_USAGE = YES_ERROR;
				CLANG_WARN_DOCUMENTATION_COMMENTS = YES;
				CLANG_WARN_EMPTY_BODY = YES;
				CLANG_WARN_ENUM_CONVERSION = YES;
				CLANG_WARN_INFINITE_RECURSION = YES;
				CLANG_WARN_INT_CONVERSION = YES;
				CLANG_WARN_NON_LITERAL_NULL_CONVERSION = YES;
				CLANG_WARN_OBJC_IMPLICIT_RETAIN_SELF = YES;
				CLANG_WARN_OBJC_LITERAL_CONVERSION = YES;
				CLANG_WARN_OBJC_ROOT_CLASS = YES_ERROR;
				CLANG_WARN_QUOTED_INCLUDE_IN_FRAMEWORK_HEADER = YES;
				CLANG_WARN_RANGE_LOOP_ANALYSIS = YES;
				CLANG_WARN_STRICT_PROTOTYPES = YES;
				CLANG_WARN_SUSPICIOUS_MOVE = YES;
				CLANG_WARN_UNGUARDED_AVAILABILITY = YES_AGGRESSIVE;
				CLANG_WARN_UNREACHABLE_CODE = YES;
				CLANG_WARN__DUPLICATE_METHOD_MATCH = YES;
				COPY_PHASE_STRIP = NO;
				DEBUG_INFORMATION_FORMAT = dwarf;
				ENABLE_STRICT_OBJC_MSGSEND = YES;
				ENABLE_TESTABILITY = YES;
				GCC_C_LANGUAGE_STANDARD = gnu11;
				GCC_DYNAMIC_NO_PIC = NO;
				GCC_NO_COMMON_BLOCKS = YES;
				GCC_OPTIMIZATION_LEVEL = 0;
				GCC_PREPROCESSOR_DEFINITIONS = (
					"DEBUG=1",
					"$(inherited)",
				);
				GCC_WARN_64_TO_32_BIT_CONVERSION = YES;
				GCC_WARN_ABOUT_RETURN_TYPE = YES_ERROR;
				GCC_WARN_UNDECLARED_SELECTOR = YES;
				GCC_WARN_UNINITIALIZED_AUTOS = YES_AGGRESSIVE;
				GCC_WARN_UNUSED_FUNCTION = YES;
				GCC_WARN_UNUSED_VARIABLE = YES;
				MACOSX_DEPLOYMENT_TARGET = 12.3;
				MTL_ENABLE_DEBUG_INFO = INCLUDE_SOURCE;
				MTL_FAST_MATH = YES;
				ONLY_ACTIVE_ARCH = YES;
				SDKROOT = macosx;
				SWIFT_ACTIVE_COMPILATION_CONDITIONS = DEBUG;
				SWIFT_OPTIMIZATION_LEVEL = "-Onone";
			};
			name = Debug;
		};
		F9C4504928F529B9007EAF9F /* Release */ = {
			isa = XCBuildConfiguration;
			buildSettings = {
				ALWAYS_SEARCH_USER_PATHS = NO;
				CLANG_ANALYZER_NONNULL = YES;
				CLANG_ANALYZER_NUMBER_OBJECT_CONVERSION = YES_AGGRESSIVE;
				CLANG_CXX_LANGUAGE_STANDARD = "gnu++20";
				CLANG_ENABLE_MODULES = YES;
				CLANG_ENABLE_OBJC_ARC = YES;
				CLANG_ENABLE_OBJC_WEAK = YES;
				CLANG_WARN_BLOCK_CAPTURE_AUTORELEASING = YES;
				CLANG_WARN_BOOL_CONVERSION = YES;
				CLANG_WARN_COMMA = YES;
				CLANG_WARN_CONSTANT_CONVERSION = YES;
				CLANG_WARN_DEPRECATED_OBJC_IMPLEMENTATIONS = YES;
				CLANG_WARN_DIRECT_OBJC_ISA_USAGE = YES_ERROR;
				CLANG_WARN_DOCUMENTATION_COMMENTS = YES;
				CLANG_WARN_EMPTY_BODY = YES;
				CLANG_WARN_ENUM_CONVERSION = YES;
				CLANG_WARN_INFINITE_RECURSION = YES;
				CLANG_WARN_INT_CONVERSION = YES;
				CLANG_WARN_NON_LITERAL_NULL_CONVERSION = YES;
				CLANG_WARN_OBJC_IMPLICIT_RETAIN_SELF = YES;
				CLANG_WARN_OBJC_LITERAL_CONVERSION = YES;
				CLANG_WARN_OBJC_ROOT_CLASS = YES_ERROR;
				CLANG_WARN_QUOTED_INCLUDE_IN_FRAMEWORK_HEADER = YES;
				CLANG_WARN_RANGE_LOOP_ANALYSIS = YES;
				CLANG_WARN_STRICT_PROTOTYPES = YES;
				CLANG_WARN_SUSPICIOUS_MOVE = YES;
				CLANG_WARN_UNGUARDED_AVAILABILITY = YES_AGGRESSIVE;
				CLANG_WARN_UNREACHABLE_CODE = YES;
				CLANG_WARN__DUPLICATE_METHOD_MATCH = YES;
				COPY_PHASE_STRIP = NO;
				DEBUG_INFORMATION_FORMAT = "dwarf-with-dsym";
				ENABLE_NS_ASSERTIONS = NO;
				ENABLE_STRICT_OBJC_MSGSEND = YES;
				GCC_C_LANGUAGE_STANDARD = gnu11;
				GCC_NO_COMMON_BLOCKS = YES;
				GCC_WARN_64_TO_32_BIT_CONVERSION = YES;
				GCC_WARN_ABOUT_RETURN_TYPE = YES_ERROR;
				GCC_WARN_UNDECLARED_SELECTOR = YES;
				GCC_WARN_UNINITIALIZED_AUTOS = YES_AGGRESSIVE;
				GCC_WARN_UNUSED_FUNCTION = YES;
				GCC_WARN_UNUSED_VARIABLE = YES;
				MACOSX_DEPLOYMENT_TARGET = 12.3;
				MTL_ENABLE_DEBUG_INFO = NO;
				MTL_FAST_MATH = YES;
				SDKROOT = macosx;
				SWIFT_COMPILATION_MODE = wholemodule;
				SWIFT_OPTIMIZATION_LEVEL = "-O";
			};
			name = Release;
		};
		F9C4504B28F529B9007EAF9F /* Debug */ = {
			isa = XCBuildConfiguration;
			buildSettings = {
				CODE_SIGN_STYLE = Automatic;
				DEVELOPMENT_TEAM = CNHBSRK7K7;
				ENABLE_HARDENED_RUNTIME = YES;
				PRODUCT_NAME = "$(TARGET_NAME)";
				SWIFT_VERSION = 5.0;
			};
			name = Debug;
		};
		F9C4504C28F529B9007EAF9F /* Release */ = {
			isa = XCBuildConfiguration;
			buildSettings = {
				CODE_SIGN_STYLE = Automatic;
				DEVELOPMENT_TEAM = CNHBSRK7K7;
				ENABLE_HARDENED_RUNTIME = YES;
				PRODUCT_NAME = "$(TARGET_NAME)";
				SWIFT_VERSION = 5.0;
			};
			name = Release;
		};
/* End XCBuildConfiguration section */

/* Begin XCConfigurationList section */
		F9C4503E28F529B9007EAF9F /* Build configuration list for PBXProject "Programmers_Backgom" */ = {
			isa = XCConfigurationList;
			buildConfigurations = (
				F9C4504828F529B9007EAF9F /* Debug */,
				F9C4504928F529B9007EAF9F /* Release */,
			);
			defaultConfigurationIsVisible = 0;
			defaultConfigurationName = Release;
		};
		F9C4504A28F529B9007EAF9F /* Build configuration list for PBXNativeTarget "Programmers_Backgom" */ = {
			isa = XCConfigurationList;
			buildConfigurations = (
				F9C4504B28F529B9007EAF9F /* Debug */,
				F9C4504C28F529B9007EAF9F /* Release */,
			);
			defaultConfigurationIsVisible = 0;
			defaultConfigurationName = Release;
		};
/* End XCConfigurationList section */
	};
	rootObject = F9C4503B28F529B9007EAF9F /* Project object */;
}
